<?xml version="1.0" encoding="utf-8"?>
<Project ToolsVersion="4.0" xmlns="http://schemas.microsoft.com/developer/msbuild/2003">
  <ItemGroup>
    <Filter Include="源文件">
      <UniqueIdentifier>{4FC737F1-C7A5-4376-A066-2A32D752A2FF}</UniqueIdentifier>
      <Extensions>cpp;c;cc;cxx;def;odl;idl;hpj;bat;asm;asmx</Extensions>
    </Filter>
    <Filter Include="头文件">
      <UniqueIdentifier>{93995380-89BD-4b04-88EB-625FBE52EBFB}</UniqueIdentifier>
      <Extensions>h;hh;hpp;hxx;hm;inl;inc;xsd</Extensions>
    </Filter>
    <Filter Include="资源文件">
      <UniqueIdentifier>{67DA6AB6-F800-4c08-8B7A-83BB121AAD01}</UniqueIdentifier>
      <Extensions>rc;ico;cur;bmp;dlg;rc2;rct;bin;rgs;gif;jpg;jpeg;jpe;resx;tiff;tif;png;wav;mfcribbon-ms</Extensions>
    </Filter>
    <Filter Include="头文件\Shape">
      <UniqueIdentifier>{6e0fdc37-c1fc-4d97-98c0-cd4ec7865f1a}</UniqueIdentifier>
    </Filter>
    <Filter Include="源文件\Shape">
      <UniqueIdentifier>{aa75f220-63f3-41f9-b130-cafac86ab67a}</UniqueIdentifier>
    </Filter>
  </ItemGroup>
  <ItemGroup>
    <ClInclude Include="Shape\camera.h">
      <Filter>头文件\Shape</Filter>
    </ClInclude>
    <ClInclude Include="Shape\image3d.h">
      <Filter>头文件\Shape</Filter>
    </ClInclude>
    <ClInclude Include="Shape\image3dex.h">
      <Filter>头文件\Shape</Filter>
    </ClInclude>
    <ClInclude Include="Shape\layer.h">
      <Filter>头文件\Shape</Filter>
    </ClInclude>
    <ClInclude Include="Shape\light.h">
      <Filter>头文件\Shape</Filter>
    </ClInclude>
    <ClInclude Include="Shape\modelgl.h">
      <Filter>头文件\Shape</Filter>
    </ClInclude>
    <ClInclude Include="Shape\shape.h">
      <Filter>头文件\Shape</Filter>
    </ClInclude>
    <ClInclude Include="Shape\vaoarray.h">
      <Filter>头文件\Shape</Filter>
    </ClInclude>
    <ClInclude Include="Shape\shader.h">
      <Filter>头文件\Shape</Filter>
    </ClInclude>
    <ClInclude Include="Shape\texture.h">
      <Filter>头文件\Shape</Filter>
    </ClInclude>
    <ClInclude Include="glHead.h">
      <Filter>头文件</Filter>
    </ClInclude>
  </ItemGroup>
  <ItemGroup>
    <ClCompile Include="Shape\image3dex.cpp">
      <Filter>源文件\Shape</Filter>
    </ClCompile>
    <ClCompile Include="Shape\camera.cpp">
      <Filter>源文件\Shape</Filter>
    </ClCompile>
    <ClCompile Include="Shape\image3d.cpp">
      <Filter>源文件\Shape</Filter>
    </ClCompile>
    <ClCompile Include="Shape\layer.cpp">
      <Filter>源文件\Shape</Filter>
    </ClCompile>
    <ClCompile Include="Shape\modelgl.cpp">
      <Filter>源文件\Shape</Filter>
    </ClCompile>
    <ClCompile Include="Shape\shape.cpp">
      <Filter>源文件\Shape</Filter>
    </ClCompile>
    <ClCompile Include="Shape\vaoarray.cpp">
      <Filter>源文件\Shape</Filter>
    </ClCompile>
    <ClCompile Include="ImageCon.cpp">
      <Filter>源文件</Filter>
    </ClCompile>
    <ClCompile Include="Shape\shader.cpp">
      <Filter>源文件\Shape</Filter>
    </ClCompile>
    <ClCompile Include="Shape\texture.cpp">
      <Filter>源文件\Shape</Filter>
    </ClCompile>
  </ItemGroup>
  <ItemGroup>
    <Text Include="Res\water.txt">
      <Filter>资源文件</Filter>
    </Text>
    <Text Include="Res\raym.txt">
      <Filter>资源文件</Filter>
    </Text>
    <Text Include="Res\clouds.txt">
      <Filter>资源文件</Filter>
    </Text>
    <Text Include="Res\template.txt">
      <Filter>资源文件</Filter>
    </Text>
    <Text Include="castrayTest.txt" />
  </ItemGroup>
  <ItemGroup>
    <Image Include="Res\noise.png">
      <Filter>资源文件</Filter>
    </Image>
  </ItemGroup>
</Project>