
Microsoft Visual Studio Solution File, Format Version 12.00
# Visual Studio 14
VisualStudioVersion = 14.0.25420.1
MinimumVisualStudioVersion = 10.0.40219.1
Project("{8BC9CEB8-8B4A-11D0-8D11-00A0C91BC942}") = "Shader", "Shader\Shader.vcxproj", "{2B4B9636-8611-4B2E-836F-F6C2F5FE3F5A}"
EndProject
Project("{2150E333-8FDC-42A3-9474-1A3956D46DE8}") = "Samples", "Samples", "{55996CA0-59A0-4EDC-99F4-A7F51F3DC7F8}"
EndProject
Project("{2150E333-8FDC-42A3-9474-1A3956D46DE8}") = "Image", "Image", "{4C07CE5A-3FDB-48F1-9B8E-F1B70D4C575F}"
	ProjectSection(SolutionItems) = preProject
		Image\noise.png = Image\noise.png
		Image\wood.jpg = Image\wood.jpg
		Image\woodNormal.png = Image\woodNormal.png
		Image\woodSpec.png = Image\woodSpec.png
	EndProjectSection
EndProject
Project("{8BC9CEB8-8B4A-11D0-8D11-00A0C91BC942}") = "Shadow", "Shadow\Shadow.vcxproj", "{E5917C79-B752-45AC-BE0A-95F8C4928A46}"
EndProject
Project("{8BC9CEB8-8B4A-11D0-8D11-00A0C91BC942}") = "DepthRayMarch", "DepthRayMarch\DepthRayTrace.vcxproj", "{AC0D21E0-3673-4654-A9DD-E6C41D3AB88B}"
EndProject
Project("{2150E333-8FDC-42A3-9474-1A3956D46DE8}") = "DotNet", "DotNet", "{D8EF4322-E4F1-4658-B71C-AE0EBB8E049B}"
EndProject
Project("{8BC9CEB8-8B4A-11D0-8D11-00A0C91BC942}") = "CharpShader", "CharpShader\CharpShader.vcxproj", "{300940BF-13C1-48F9-8659-1F0768AB424D}"
EndProject
Project("{FAE04EC0-301F-11D3-BF4B-00C04F79EFBC}") = "IGLObject", "IGLObject\IGLObject.csproj", "{B8B89CBF-BBA9-4B33-94B6-5F6FDEA215C5}"
EndProject
Project("{8BC9CEB8-8B4A-11D0-8D11-00A0C91BC942}") = "LightToModel", "LightToModel\LightToModel.vcxproj", "{F188946F-7C2E-4E4A-BAA7-31CBCB979459}"
EndProject
Project("{2150E333-8FDC-42A3-9474-1A3956D46DE8}") = "Font", "Font", "{38B76752-59EE-4F61-B987-44F31D557AEF}"
EndProject
Project("{8BC9CEB8-8B4A-11D0-8D11-00A0C91BC942}") = "SDFCirle", "SDFCirle\SDFCirle.vcxproj", "{C27DBFFA-BBB8-425F-AC66-BA99BBC125CF}"
EndProject
Project("{8BC9CEB8-8B4A-11D0-8D11-00A0C91BC942}") = "SDFFont", "SDFFont\SDFFont.vcxproj", "{824DB22F-B427-4AE6-ABF4-CF01DAFDE393}"
EndProject
Project("{FAE04EC0-301F-11D3-BF4B-00C04F79EFBC}") = "Algorithm", "Algorithm\Algorithm.csproj", "{0A574B97-C659-4E32-B990-B581EFB28E63}"
EndProject
Project("{8BC9CEB8-8B4A-11D0-8D11-00A0C91BC942}") = "Pixaloop", "Pixaloop\Pixaloop.vcxproj", "{0048F681-28C7-4B64-B9C6-6CFE29EB049E}"
EndProject
Global
	GlobalSection(SolutionConfigurationPlatforms) = preSolution
		Debug|Any CPU = Debug|Any CPU
		Debug|x64 = Debug|x64
		Debug|x86 = Debug|x86
		Release|Any CPU = Release|Any CPU
		Release|x64 = Release|x64
		Release|x86 = Release|x86
	EndGlobalSection
	GlobalSection(ProjectConfigurationPlatforms) = postSolution
		{2B4B9636-8611-4B2E-836F-F6C2F5FE3F5A}.Debug|Any CPU.ActiveCfg = Debug|Win32
		{2B4B9636-8611-4B2E-836F-F6C2F5FE3F5A}.Debug|x64.ActiveCfg = Debug|x64
		{2B4B9636-8611-4B2E-836F-F6C2F5FE3F5A}.Debug|x64.Build.0 = Debug|x64
		{2B4B9636-8611-4B2E-836F-F6C2F5FE3F5A}.Debug|x86.ActiveCfg = Debug|Win32
		{2B4B9636-8611-4B2E-836F-F6C2F5FE3F5A}.Debug|x86.Build.0 = Debug|Win32
		{2B4B9636-8611-4B2E-836F-F6C2F5FE3F5A}.Release|Any CPU.ActiveCfg = Release|Win32
		{2B4B9636-8611-4B2E-836F-F6C2F5FE3F5A}.Release|x64.ActiveCfg = Release|x64
		{2B4B9636-8611-4B2E-836F-F6C2F5FE3F5A}.Release|x64.Build.0 = Release|x64
		{2B4B9636-8611-4B2E-836F-F6C2F5FE3F5A}.Release|x86.ActiveCfg = Release|Win32
		{2B4B9636-8611-4B2E-836F-F6C2F5FE3F5A}.Release|x86.Build.0 = Release|Win32
		{E5917C79-B752-45AC-BE0A-95F8C4928A46}.Debug|Any CPU.ActiveCfg = Debug|Win32
		{E5917C79-B752-45AC-BE0A-95F8C4928A46}.Debug|x64.ActiveCfg = Debug|x64
		{E5917C79-B752-45AC-BE0A-95F8C4928A46}.Debug|x64.Build.0 = Debug|x64
		{E5917C79-B752-45AC-BE0A-95F8C4928A46}.Debug|x86.ActiveCfg = Debug|Win32
		{E5917C79-B752-45AC-BE0A-95F8C4928A46}.Debug|x86.Build.0 = Debug|Win32
		{E5917C79-B752-45AC-BE0A-95F8C4928A46}.Release|Any CPU.ActiveCfg = Release|Win32
		{E5917C79-B752-45AC-BE0A-95F8C4928A46}.Release|x64.ActiveCfg = Release|x64
		{E5917C79-B752-45AC-BE0A-95F8C4928A46}.Release|x64.Build.0 = Release|x64
		{E5917C79-B752-45AC-BE0A-95F8C4928A46}.Release|x86.ActiveCfg = Release|Win32
		{E5917C79-B752-45AC-BE0A-95F8C4928A46}.Release|x86.Build.0 = Release|Win32
		{AC0D21E0-3673-4654-A9DD-E6C41D3AB88B}.Debug|Any CPU.ActiveCfg = Debug|Win32
		{AC0D21E0-3673-4654-A9DD-E6C41D3AB88B}.Debug|x64.ActiveCfg = Debug|x64
		{AC0D21E0-3673-4654-A9DD-E6C41D3AB88B}.Debug|x64.Build.0 = Debug|x64
		{AC0D21E0-3673-4654-A9DD-E6C41D3AB88B}.Debug|x86.ActiveCfg = Debug|Win32
		{AC0D21E0-3673-4654-A9DD-E6C41D3AB88B}.Debug|x86.Build.0 = Debug|Win32
		{AC0D21E0-3673-4654-A9DD-E6C41D3AB88B}.Release|Any CPU.ActiveCfg = Release|Win32
		{AC0D21E0-3673-4654-A9DD-E6C41D3AB88B}.Release|x64.ActiveCfg = Release|x64
		{AC0D21E0-3673-4654-A9DD-E6C41D3AB88B}.Release|x64.Build.0 = Release|x64
		{AC0D21E0-3673-4654-A9DD-E6C41D3AB88B}.Release|x86.ActiveCfg = Release|Win32
		{AC0D21E0-3673-4654-A9DD-E6C41D3AB88B}.Release|x86.Build.0 = Release|Win32
		{300940BF-13C1-48F9-8659-1F0768AB424D}.Debug|Any CPU.ActiveCfg = Debug|Win32
		{300940BF-13C1-48F9-8659-1F0768AB424D}.Debug|x64.ActiveCfg = Debug|x64
		{300940BF-13C1-48F9-8659-1F0768AB424D}.Debug|x64.Build.0 = Debug|x64
		{300940BF-13C1-48F9-8659-1F0768AB424D}.Debug|x86.ActiveCfg = Debug|Win32
		{300940BF-13C1-48F9-8659-1F0768AB424D}.Debug|x86.Build.0 = Debug|Win32
		{300940BF-13C1-48F9-8659-1F0768AB424D}.Release|Any CPU.ActiveCfg = Release|Win32
		{300940BF-13C1-48F9-8659-1F0768AB424D}.Release|x64.ActiveCfg = Release|x64
		{300940BF-13C1-48F9-8659-1F0768AB424D}.Release|x64.Build.0 = Release|x64
		{300940BF-13C1-48F9-8659-1F0768AB424D}.Release|x86.ActiveCfg = Release|Win32
		{300940BF-13C1-48F9-8659-1F0768AB424D}.Release|x86.Build.0 = Release|Win32
		{B8B89CBF-BBA9-4B33-94B6-5F6FDEA215C5}.Debug|Any CPU.ActiveCfg = Debug|Any CPU
		{B8B89CBF-BBA9-4B33-94B6-5F6FDEA215C5}.Debug|Any CPU.Build.0 = Debug|Any CPU
		{B8B89CBF-BBA9-4B33-94B6-5F6FDEA215C5}.Debug|x64.ActiveCfg = Debug|Any CPU
		{B8B89CBF-BBA9-4B33-94B6-5F6FDEA215C5}.Debug|x64.Build.0 = Debug|Any CPU
		{B8B89CBF-BBA9-4B33-94B6-5F6FDEA215C5}.Debug|x86.ActiveCfg = Debug|Any CPU
		{B8B89CBF-BBA9-4B33-94B6-5F6FDEA215C5}.Debug|x86.Build.0 = Debug|Any CPU
		{B8B89CBF-BBA9-4B33-94B6-5F6FDEA215C5}.Release|Any CPU.ActiveCfg = Release|Any CPU
		{B8B89CBF-BBA9-4B33-94B6-5F6FDEA215C5}.Release|Any CPU.Build.0 = Release|Any CPU
		{B8B89CBF-BBA9-4B33-94B6-5F6FDEA215C5}.Release|x64.ActiveCfg = Release|Any CPU
		{B8B89CBF-BBA9-4B33-94B6-5F6FDEA215C5}.Release|x64.Build.0 = Release|Any CPU
		{B8B89CBF-BBA9-4B33-94B6-5F6FDEA215C5}.Release|x86.ActiveCfg = Release|Any CPU
		{B8B89CBF-BBA9-4B33-94B6-5F6FDEA215C5}.Release|x86.Build.0 = Release|Any CPU
		{F188946F-7C2E-4E4A-BAA7-31CBCB979459}.Debug|Any CPU.ActiveCfg = Debug|Win32
		{F188946F-7C2E-4E4A-BAA7-31CBCB979459}.Debug|x64.ActiveCfg = Debug|x64
		{F188946F-7C2E-4E4A-BAA7-31CBCB979459}.Debug|x64.Build.0 = Debug|x64
		{F188946F-7C2E-4E4A-BAA7-31CBCB979459}.Debug|x86.ActiveCfg = Debug|Win32
		{F188946F-7C2E-4E4A-BAA7-31CBCB979459}.Debug|x86.Build.0 = Debug|Win32
		{F188946F-7C2E-4E4A-BAA7-31CBCB979459}.Release|Any CPU.ActiveCfg = Release|Win32
		{F188946F-7C2E-4E4A-BAA7-31CBCB979459}.Release|x64.ActiveCfg = Release|x64
		{F188946F-7C2E-4E4A-BAA7-31CBCB979459}.Release|x64.Build.0 = Release|x64
		{F188946F-7C2E-4E4A-BAA7-31CBCB979459}.Release|x86.ActiveCfg = Release|Win32
		{F188946F-7C2E-4E4A-BAA7-31CBCB979459}.Release|x86.Build.0 = Release|Win32
		{C27DBFFA-BBB8-425F-AC66-BA99BBC125CF}.Debug|Any CPU.ActiveCfg = Debug|Win32
		{C27DBFFA-BBB8-425F-AC66-BA99BBC125CF}.Debug|x64.ActiveCfg = Debug|x64
		{C27DBFFA-BBB8-425F-AC66-BA99BBC125CF}.Debug|x64.Build.0 = Debug|x64
		{C27DBFFA-BBB8-425F-AC66-BA99BBC125CF}.Debug|x86.ActiveCfg = Debug|Win32
		{C27DBFFA-BBB8-425F-AC66-BA99BBC125CF}.Debug|x86.Build.0 = Debug|Win32
		{C27DBFFA-BBB8-425F-AC66-BA99BBC125CF}.Release|Any CPU.ActiveCfg = Release|Win32
		{C27DBFFA-BBB8-425F-AC66-BA99BBC125CF}.Release|x64.ActiveCfg = Release|x64
		{C27DBFFA-BBB8-425F-AC66-BA99BBC125CF}.Release|x64.Build.0 = Release|x64
		{C27DBFFA-BBB8-425F-AC66-BA99BBC125CF}.Release|x86.ActiveCfg = Release|Win32
		{C27DBFFA-BBB8-425F-AC66-BA99BBC125CF}.Release|x86.Build.0 = Release|Win32
		{824DB22F-B427-4AE6-ABF4-CF01DAFDE393}.Debug|Any CPU.ActiveCfg = Debug|Win32
		{824DB22F-B427-4AE6-ABF4-CF01DAFDE393}.Debug|x64.ActiveCfg = Debug|x64
		{824DB22F-B427-4AE6-ABF4-CF01DAFDE393}.Debug|x64.Build.0 = Debug|x64
		{824DB22F-B427-4AE6-ABF4-CF01DAFDE393}.Debug|x86.ActiveCfg = Debug|Win32
		{824DB22F-B427-4AE6-ABF4-CF01DAFDE393}.Debug|x86.Build.0 = Debug|Win32
		{824DB22F-B427-4AE6-ABF4-CF01DAFDE393}.Release|Any CPU.ActiveCfg = Release|Win32
		{824DB22F-B427-4AE6-ABF4-CF01DAFDE393}.Release|x64.ActiveCfg = Release|x64
		{824DB22F-B427-4AE6-ABF4-CF01DAFDE393}.Release|x64.Build.0 = Release|x64
		{824DB22F-B427-4AE6-ABF4-CF01DAFDE393}.Release|x86.ActiveCfg = Release|Win32
		{824DB22F-B427-4AE6-ABF4-CF01DAFDE393}.Release|x86.Build.0 = Release|Win32
		{0A574B97-C659-4E32-B990-B581EFB28E63}.Debug|Any CPU.ActiveCfg = Debug|Any CPU
		{0A574B97-C659-4E32-B990-B581EFB28E63}.Debug|Any CPU.Build.0 = Debug|Any CPU
		{0A574B97-C659-4E32-B990-B581EFB28E63}.Debug|x64.ActiveCfg = Debug|Any CPU
		{0A574B97-C659-4E32-B990-B581EFB28E63}.Debug|x64.Build.0 = Debug|Any CPU
		{0A574B97-C659-4E32-B990-B581EFB28E63}.Debug|x86.ActiveCfg = Debug|Any CPU
		{0A574B97-C659-4E32-B990-B581EFB28E63}.Debug|x86.Build.0 = Debug|Any CPU
		{0A574B97-C659-4E32-B990-B581EFB28E63}.Release|Any CPU.ActiveCfg = Release|Any CPU
		{0A574B97-C659-4E32-B990-B581EFB28E63}.Release|Any CPU.Build.0 = Release|Any CPU
		{0A574B97-C659-4E32-B990-B581EFB28E63}.Release|x64.ActiveCfg = Release|Any CPU
		{0A574B97-C659-4E32-B990-B581EFB28E63}.Release|x64.Build.0 = Release|Any CPU
		{0A574B97-C659-4E32-B990-B581EFB28E63}.Release|x86.ActiveCfg = Release|Any CPU
		{0A574B97-C659-4E32-B990-B581EFB28E63}.Release|x86.Build.0 = Release|Any CPU
		{0048F681-28C7-4B64-B9C6-6CFE29EB049E}.Debug|Any CPU.ActiveCfg = Debug|Win32
		{0048F681-28C7-4B64-B9C6-6CFE29EB049E}.Debug|x64.ActiveCfg = Debug|x64
		{0048F681-28C7-4B64-B9C6-6CFE29EB049E}.Debug|x64.Build.0 = Debug|x64
		{0048F681-28C7-4B64-B9C6-6CFE29EB049E}.Debug|x86.ActiveCfg = Debug|Win32
		{0048F681-28C7-4B64-B9C6-6CFE29EB049E}.Debug|x86.Build.0 = Debug|Win32
		{0048F681-28C7-4B64-B9C6-6CFE29EB049E}.Release|Any CPU.ActiveCfg = Release|Win32
		{0048F681-28C7-4B64-B9C6-6CFE29EB049E}.Release|x64.ActiveCfg = Release|x64
		{0048F681-28C7-4B64-B9C6-6CFE29EB049E}.Release|x64.Build.0 = Release|x64
		{0048F681-28C7-4B64-B9C6-6CFE29EB049E}.Release|x86.ActiveCfg = Release|Win32
		{0048F681-28C7-4B64-B9C6-6CFE29EB049E}.Release|x86.Build.0 = Release|Win32
	EndGlobalSection
	GlobalSection(SolutionProperties) = preSolution
		HideSolutionNode = FALSE
	EndGlobalSection
	GlobalSection(NestedProjects) = preSolution
		{E5917C79-B752-45AC-BE0A-95F8C4928A46} = {55996CA0-59A0-4EDC-99F4-A7F51F3DC7F8}
		{AC0D21E0-3673-4654-A9DD-E6C41D3AB88B} = {55996CA0-59A0-4EDC-99F4-A7F51F3DC7F8}
		{300940BF-13C1-48F9-8659-1F0768AB424D} = {D8EF4322-E4F1-4658-B71C-AE0EBB8E049B}
		{B8B89CBF-BBA9-4B33-94B6-5F6FDEA215C5} = {D8EF4322-E4F1-4658-B71C-AE0EBB8E049B}
		{F188946F-7C2E-4E4A-BAA7-31CBCB979459} = {55996CA0-59A0-4EDC-99F4-A7F51F3DC7F8}
		{C27DBFFA-BBB8-425F-AC66-BA99BBC125CF} = {38B76752-59EE-4F61-B987-44F31D557AEF}
		{824DB22F-B427-4AE6-ABF4-CF01DAFDE393} = {38B76752-59EE-4F61-B987-44F31D557AEF}
		{0A574B97-C659-4E32-B990-B581EFB28E63} = {D8EF4322-E4F1-4658-B71C-AE0EBB8E049B}
		{0048F681-28C7-4B64-B9C6-6CFE29EB049E} = {55996CA0-59A0-4EDC-99F4-A7F51F3DC7F8}
	EndGlobalSection
EndGlobal
