<?xml version="1.0" encoding="utf-8"?>
<Project ToolsVersion="4.0" xmlns="http://schemas.microsoft.com/developer/msbuild/2003">
  <ItemGroup>
    <Filter Include="Header Files">
      <UniqueIdentifier>{93995380-89BD-4b04-88EB-625FBE52EBFB}</UniqueIdentifier>
      <Extensions>h;hh;hpp;hxx;hm;inl;inc;xsd</Extensions>
    </Filter>
    <Filter Include="Header Files\stb">
      <UniqueIdentifier>{4f9ada70-b522-4535-b994-6a294317852c}</UniqueIdentifier>
    </Filter>
    <Filter Include="Resource Files">
      <UniqueIdentifier>{4FC737F1-C7A5-4376-A066-2A32D752A2FF}</UniqueIdentifier>
      <Extensions>cpp;c;cc;cxx;def;odl;idl;hpj;bat;asm;asmx</Extensions>
    </Filter>
    <Filter Include="Source Files">
      <UniqueIdentifier>{67DA6AB6-F800-4c08-8B7A-83BB121AAD01}</UniqueIdentifier>
      <Extensions>rc;ico;cur;bmp;dlg;rc2;rct;bin;rgs;gif;jpg;jpeg;jpe;resx;tiff;tif;png;wav;mfcribbon-ms</Extensions>
    </Filter>
    <Filter Include="Resource Files\stb">
      <UniqueIdentifier>{389c620a-953c-4d2c-8722-8990e445bd08}</UniqueIdentifier>
    </Filter>
  </ItemGroup>
  <ItemGroup>
    <ClInclude Include="Shape\camera.h">
      <Filter>Header Files</Filter>
    </ClInclude>
    <ClInclude Include="Shape\layer.h">
      <Filter>Header Files</Filter>
    </ClInclude>
    <ClInclude Include="Shape\light.h">
      <Filter>Header Files</Filter>
    </ClInclude>
    <ClInclude Include="Shape\mesh.h">
      <Filter>Header Files</Filter>
    </ClInclude>
    <ClInclude Include="Shape\shader.h">
      <Filter>Header Files</Filter>
    </ClInclude>
    <ClInclude Include="Shape\shape.h">
      <Filter>Header Files</Filter>
    </ClInclude>
    <ClInclude Include="Shape\shapePRS.h">
      <Filter>Header Files</Filter>
    </ClInclude>
    <ClInclude Include="Shape\texture.h">
      <Filter>Header Files</Filter>
    </ClInclude>
    <ClInclude Include="Shape\vaoarray.h">
      <Filter>Header Files</Filter>
    </ClInclude>
    <ClInclude Include="Shape\object.h">
      <Filter>Header Files</Filter>
    </ClInclude>
    <ClInclude Include="Stb\stb_image.h">
      <Filter>Header Files\stb</Filter>
    </ClInclude>
    <ClInclude Include="Stb\stb_image_write.h">
      <Filter>Header Files\stb</Filter>
    </ClInclude>
    <ClInclude Include="stb\stb_image_resize.h">
      <Filter>Header Files\stb</Filter>
    </ClInclude>
    <ClInclude Include="gldef.h">
      <Filter>Header Files</Filter>
    </ClInclude>
  </ItemGroup>
  <ItemGroup>
    <ClCompile Include="Shape\camera.cpp">
      <Filter>Resource Files</Filter>
    </ClCompile>
    <ClCompile Include="Shape\layer.cpp">
      <Filter>Resource Files</Filter>
    </ClCompile>
    <ClCompile Include="Shape\light.cpp">
      <Filter>Resource Files</Filter>
    </ClCompile>
    <ClCompile Include="Shape\mesh.cpp">
      <Filter>Resource Files</Filter>
    </ClCompile>
    <ClCompile Include="Shape\shader.cpp">
      <Filter>Resource Files</Filter>
    </ClCompile>
    <ClCompile Include="Shape\shape.cpp">
      <Filter>Resource Files</Filter>
    </ClCompile>
    <ClCompile Include="Shape\shapePRS.cpp">
      <Filter>Resource Files</Filter>
    </ClCompile>
    <ClCompile Include="Shape\texture.cpp">
      <Filter>Resource Files</Filter>
    </ClCompile>
    <ClCompile Include="Shape\vaoarray.cpp">
      <Filter>Resource Files</Filter>
    </ClCompile>
    <ClCompile Include="Stb\stb_image.cpp">
      <Filter>Resource Files\stb</Filter>
    </ClCompile>
    <ClCompile Include="Stb\stb_image_write.cpp">
      <Filter>Resource Files\stb</Filter>
    </ClCompile>
    <ClCompile Include="stb\stb_image_resize.cpp">
      <Filter>Resource Files\stb</Filter>
    </ClCompile>
  </ItemGroup>
</Project>